// !$*UTF8*$!
{
	archiveVersion = 1;
	classes = {
	};
	objectVersion = 56;
	objects = {

/* Begin PBXBuildFile section */
		C924514328E9028F00EC1EFD /* AppDelegate.swift in Sources */ = {isa = PBXBuildFile; fileRef = C924514228E9028F00EC1EFD /* AppDelegate.swift */; };
		C924514528E9028F00EC1EFD /* SceneDelegate.swift in Sources */ = {isa = PBXBuildFile; fileRef = C924514428E9028F00EC1EFD /* SceneDelegate.swift */; };
		C924514728E9028F00EC1EFD /* ViewController.swift in Sources */ = {isa = PBXBuildFile; fileRef = C924514628E9028F00EC1EFD /* ViewController.swift */; };
		C924514A28E9028F00EC1EFD /* Main.storyboard in Resources */ = {isa = PBXBuildFile; fileRef = C924514828E9028F00EC1EFD /* Main.storyboard */; };
		C924514C28E9028F00EC1EFD /* Assets.xcassets in Resources */ = {isa = PBXBuildFile; fileRef = C924514B28E9028F00EC1EFD /* Assets.xcassets */; };
		C924514F28E9028F00EC1EFD /* LaunchScreen.storyboard in Resources */ = {isa = PBXBuildFile; fileRef = C924514D28E9028F00EC1EFD /* LaunchScreen.storyboard */; };
		C9CEBD5C28E99DFF0063469A /* CalculatorOperator.swift in Sources */ = {isa = PBXBuildFile; fileRef = C9CEBD5B28E99DFF0063469A /* CalculatorOperator.swift */; };
/* End PBXBuildFile section */

/* Begin PBXFileReference section */
		C924513F28E9028F00EC1EFD /* hw2_Calculator.app */ = {isa = PBXFileReference; explicitFileType = wrapper.application; includeInIndex = 0; path = hw2_Calculator.app; sourceTree = BUILT_PRODUCTS_DIR; };
		C924514228E9028F00EC1EFD /* AppDelegate.swift */ = {isa = PBXFileReference; lastKnownFileType = sourcecode.swift; path = AppDelegate.swift; sourceTree = "<group>"; };
		C924514428E9028F00EC1EFD /* SceneDelegate.swift */ = {isa = PBXFileReference; lastKnownFileType = sourcecode.swift; path = SceneDelegate.swift; sourceTree = "<group>"; };
		C924514628E9028F00EC1EFD /* ViewController.swift */ = {isa = PBXFileReference; lastKnownFileType = sourcecode.swift; path = ViewController.swift; sourceTree = "<group>"; };
		C924514928E9028F00EC1EFD /* Base */ = {isa = PBXFileReference; lastKnownFileType = file.storyboard; name = Base; path = Base.lproj/Main.storyboard; sourceTree = "<group>"; };
		C924514B28E9028F00EC1EFD /* Assets.xcassets */ = {isa = PBXFileReference; lastKnownFileType = folder.assetcatalog; path = Assets.xcassets; sourceTree = "<group>"; };
		C924514E28E9028F00EC1EFD /* Base */ = {isa = PBXFileReference; lastKnownFileType = file.storyboard; name = Base; path = Base.lproj/LaunchScreen.storyboard; sourceTree = "<group>"; };
		C924515028E9028F00EC1EFD /* Info.plist */ = {isa = PBXFileReference; lastKnownFileType = text.plist.xml; path = Info.plist; sourceTree = "<group>"; };
		C9CEBD5B28E99DFF0063469A /* CalculatorOperator.swift */ = {isa = PBXFileReference; lastKnownFileType = sourcecode.swift; path = CalculatorOperator.swift; sourceTree = "<group>"; };
/* End PBXFileReference section */

/* Begin PBXFrameworksBuildPhase section */
		C924513C28E9028F00EC1EFD /* Frameworks */ = {
			isa = PBXFrameworksBuildPhase;
			buildActionMask = 2147483647;
			files = (
			);
			runOnlyForDeploymentPostprocessing = 0;
		};
/* End PBXFrameworksBuildPhase section */

/* Begin PBXGroup section */
		C924513628E9028F00EC1EFD = {
			isa = PBXGroup;
			children = (
				C924514128E9028F00EC1EFD /* hw2_Calculator */,
				C924514028E9028F00EC1EFD /* Products */,
			);
			sourceTree = "<group>";
		};
		C924514028E9028F00EC1EFD /* Products */ = {
			isa = PBXGroup;
			children = (
				C924513F28E9028F00EC1EFD /* hw2_Calculator.app */,
			);
			name = Products;
			sourceTree = "<group>";
		};
		C924514128E9028F00EC1EFD /* hw2_Calculator */ = {
			isa = PBXGroup;
			children = (
				C9CEBD5628E99CE90063469A /* App */,
				C924514B28E9028F00EC1EFD /* Assets.xcassets */,
				C924514D28E9028F00EC1EFD /* LaunchScreen.storyboard */,
			);
			path = hw2_Calculator;
			sourceTree = "<group>";
		};
		C9CEBD5428E99CD50063469A /* Model */ = {
			isa = PBXGroup;
			children = (
				C9CEBD5B28E99DFF0063469A /* CalculatorOperator.swift */,
			);
			path = Model;
			sourceTree = "<group>";
		};
		C9CEBD5528E99CDC0063469A /* Controller */ = {
			isa = PBXGroup;
			children = (
				C924514628E9028F00EC1EFD /* ViewController.swift */,
			);
			path = Controller;
			sourceTree = "<group>";
		};
		C9CEBD5628E99CE90063469A /* App */ = {
			isa = PBXGroup;
			children = (
				C9CEBD5A28E99D290063469A /* Plists */,
				C9CEBD5728E99CEE0063469A /* Delegates */,
				C9CEBD5828E99CFC0063469A /* Pages */,
			);
			path = App;
			sourceTree = "<group>";
		};
		C9CEBD5728E99CEE0063469A /* Delegates */ = {
			isa = PBXGroup;
			children = (
				C924514228E9028F00EC1EFD /* AppDelegate.swift */,
				C924514428E9028F00EC1EFD /* SceneDelegate.swift */,
			);
			path = Delegates;
			sourceTree = "<group>";
		};
		C9CEBD5828E99CFC0063469A /* Pages */ = {
			isa = PBXGroup;
			children = (
				C9CEBD5428E99CD50063469A /* Model */,
				C9CEBD5928E99D130063469A /* View */,
				C9CEBD5528E99CDC0063469A /* Controller */,
			);
			path = Pages;
			sourceTree = "<group>";
		};
		C9CEBD5928E99D130063469A /* View */ = {
			isa = PBXGroup;
			children = (
				C924514828E9028F00EC1EFD /* Main.storyboard */,
			);
			path = View;
			sourceTree = "<group>";
		};
		C9CEBD5A28E99D290063469A /* Plists */ = {
			isa = PBXGroup;
			children = (
				C924515028E9028F00EC1EFD /* Info.plist */,
			);
			path = Plists;
			sourceTree = "<group>";
		};
/* End PBXGroup section */

/* Begin PBXNativeTarget section */
		C924513E28E9028F00EC1EFD /* hw2_Calculator */ = {
			isa = PBXNativeTarget;
			buildConfigurationList = C924515328E9028F00EC1EFD /* Build configuration list for PBXNativeTarget "hw2_Calculator" */;
			buildPhases = (
				C924513B28E9028F00EC1EFD /* Sources */,
				C924513C28E9028F00EC1EFD /* Frameworks */,
				C924513D28E9028F00EC1EFD /* Resources */,
			);
			buildRules = (
			);
			dependencies = (
			);
			name = hw2_Calculator;
			productName = VaryForTraits;
			productReference = C924513F28E9028F00EC1EFD /* hw2_Calculator.app */;
			productType = "com.apple.product-type.application";
		};
/* End PBXNativeTarget section */

/* Begin PBXProject section */
		C924513728E9028F00EC1EFD /* Project object */ = {
			isa = PBXProject;
			attributes = {
				BuildIndependentTargetsInParallel = 1;
				LastSwiftUpdateCheck = 1400;
				LastUpgradeCheck = 1400;
				TargetAttributes = {
					C924513E28E9028F00EC1EFD = {
						CreatedOnToolsVersion = 14.0.1;
					};
				};
			};
			buildConfigurationList = C924513A28E9028F00EC1EFD /* Build configuration list for PBXProject "hw2_Calculator" */;
			compatibilityVersion = "Xcode 14.0";
			developmentRegion = en;
			hasScannedForEncodings = 0;
			knownRegions = (
				en,
				Base,
			);
			mainGroup = C924513628E9028F00EC1EFD;
			productRefGroup = C924514028E9028F00EC1EFD /* Products */;
			projectDirPath = "";
			projectRoot = "";
			targets = (
				C924513E28E9028F00EC1EFD /* hw2_Calculator */,
			);
		};
/* End PBXProject section */

/* Begin PBXResourcesBuildPhase section */
		C924513D28E9028F00EC1EFD /* Resources */ = {
			isa = PBXResourcesBuildPhase;
			buildActionMask = 2147483647;
			files = (
				C924514F28E9028F00EC1EFD /* LaunchScreen.storyboard in Resources */,
				C924514C28E9028F00EC1EFD /* Assets.xcassets in Resources */,
				C924514A28E9028F00EC1EFD /* Main.storyboard in Resources */,
			);
			runOnlyForDeploymentPostprocessing = 0;
		};
/* End PBXResourcesBuildPhase section */

/* Begin PBXSourcesBuildPhase section */
		C924513B28E9028F00EC1EFD /* Sources */ = {
			isa = PBXSourcesBuildPhase;
			buildActionMask = 2147483647;
			files = (
				C924514728E9028F00EC1EFD /* ViewController.swift in Sources */,
				C9CEBD5C28E99DFF0063469A /* CalculatorOperator.swift in Sources */,
				C924514328E9028F00EC1EFD /* AppDelegate.swift in Sources */,
				C924514528E9028F00EC1EFD /* SceneDelegate.swift in Sources */,
			);
			runOnlyForDeploymentPostprocessing = 0;
		};
/* End PBXSourcesBuildPhase section */

/* Begin PBXVariantGroup section */
		C924514828E9028F00EC1EFD /* Main.storyboard */ = {
			isa = PBXVariantGroup;
			children = (
				C924514928E9028F00EC1EFD /* Base */,
			);
			name = Main.storyboard;
			sourceTree = "<group>";
		};
		C924514D28E9028F00EC1EFD /* LaunchScreen.storyboard */ = {
			isa = PBXVariantGroup;
			children = (
				C924514E28E9028F00EC1EFD /* Base */,
			);
			name = LaunchScreen.storyboard;
			sourceTree = "<group>";
		};
/* End PBXVariantGroup section */

/* Begin XCBuildConfiguration section */
		C924515128E9028F00EC1EFD /* Debug */ = {
			isa = XCBuildConfiguration;
			buildSettings = {
				ALWAYS_SEARCH_USER_PATHS = NO;
				CLANG_ANALYZER_NONNULL = YES;
				CLANG_ANALYZER_NUMBER_OBJECT_CONVERSION = YES_AGGRESSIVE;
				CLANG_CXX_LANGUAGE_STANDARD = "gnu++20";
				CLANG_ENABLE_MODULES = YES;
				CLANG_ENABLE_OBJC_ARC = YES;
				CLANG_ENABLE_OBJC_WEAK = YES;
				CLANG_WARN_BLOCK_CAPTURE_AUTORELEASING = YES;
				CLANG_WARN_BOOL_CONVERSION = YES;
				CLANG_WARN_COMMA = YES;
				CLANG_WARN_CONSTANT_CONVERSION = YES;
				CLANG_WARN_DEPRECATED_OBJC_IMPLEMENTATIONS = YES;
				CLANG_WARN_DIRECT_OBJC_ISA_USAGE = YES_ERROR;
				CLANG_WARN_DOCUMENTATION_COMMENTS = YES;
				CLANG_WARN_EMPTY_BODY = YES;
				CLANG_WARN_ENUM_CONVERSION = YES;
				CLANG_WARN_INFINITE_RECURSION = YES;
				CLANG_WARN_INT_CONVERSION = YES;
				CLANG_WARN_NON_LITERAL_NULL_CONVERSION = YES;
				CLANG_WARN_OBJC_IMPLICIT_RETAIN_SELF = YES;
				CLANG_WARN_OBJC_LITERAL_CONVERSION = YES;
				CLANG_WARN_OBJC_ROOT_CLASS = YES_ERROR;
				CLANG_WARN_QUOTED_INCLUDE_IN_FRAMEWORK_HEADER = YES;
				CLANG_WARN_RANGE_LOOP_ANALYSIS = YES;
				CLANG_WARN_STRICT_PROTOTYPES = YES;
				CLANG_WARN_SUSPICIOUS_MOVE = YES;
				CLANG_WARN_UNGUARDED_AVAILABILITY = YES_AGGRESSIVE;
				CLANG_WARN_UNREACHABLE_CODE = YES;
				CLANG_WARN__DUPLICATE_METHOD_MATCH = YES;
				COPY_PHASE_STRIP = NO;
				DEBUG_INFORMATION_FORMAT = dwarf;
				ENABLE_STRICT_OBJC_MSGSEND = YES;
				ENABLE_TESTABILITY = YES;
				GCC_C_LANGUAGE_STANDARD = gnu11;
				GCC_DYNAMIC_NO_PIC = NO;
				GCC_NO_COMMON_BLOCKS = YES;
				GCC_OPTIMIZATION_LEVEL = 0;
				GCC_PREPROCESSOR_DEFINITIONS = (
					"DEBUG=1",
					"$(inherited)",
				);
				GCC_WARN_64_TO_32_BIT_CONVERSION = YES;
				GCC_WARN_ABOUT_RETURN_TYPE = YES_ERROR;
				GCC_WARN_UNDECLARED_SELECTOR = YES;
				GCC_WARN_UNINITIALIZED_AUTOS = YES_AGGRESSIVE;
				GCC_WARN_UNUSED_FUNCTION = YES;
				GCC_WARN_UNUSED_VARIABLE = YES;
				IPHONEOS_DEPLOYMENT_TARGET = 16.0;
				MTL_ENABLE_DEBUG_INFO = INCLUDE_SOURCE;
				MTL_FAST_MATH = YES;
				ONLY_ACTIVE_ARCH = YES;
				SDKROOT = iphoneos;
				SWIFT_ACTIVE_COMPILATION_CONDITIONS = DEBUG;
				SWIFT_OPTIMIZATION_LEVEL = "-Onone";
			};
			name = Debug;
		};
		C924515228E9028F00EC1EFD /* Release */ = {
			isa = XCBuildConfiguration;
			buildSettings = {
				ALWAYS_SEARCH_USER_PATHS = NO;
				CLANG_ANALYZER_NONNULL = YES;
				CLANG_ANALYZER_NUMBER_OBJECT_CONVERSION = YES_AGGRESSIVE;
				CLANG_CXX_LANGUAGE_STANDARD = "gnu++20";
				CLANG_ENABLE_MODULES = YES;
				CLANG_ENABLE_OBJC_ARC = YES;
				CLANG_ENABLE_OBJC_WEAK = YES;
				CLANG_WARN_BLOCK_CAPTURE_AUTORELEASING = YES;
				CLANG_WARN_BOOL_CONVERSION = YES;
				CLANG_WARN_COMMA = YES;
				CLANG_WARN_CONSTANT_CONVERSION = YES;
				CLANG_WARN_DEPRECATED_OBJC_IMPLEMENTATIONS = YES;
				CLANG_WARN_DIRECT_OBJC_ISA_USAGE = YES_ERROR;
				CLANG_WARN_DOCUMENTATION_COMMENTS = YES;
				CLANG_WARN_EMPTY_BODY = YES;
				CLANG_WARN_ENUM_CONVERSION = YES;
				CLANG_WARN_INFINITE_RECURSION = YES;
				CLANG_WARN_INT_CONVERSION = YES;
				CLANG_WARN_NON_LITERAL_NULL_CONVERSION = YES;
				CLANG_WARN_OBJC_IMPLICIT_RETAIN_SELF = YES;
				CLANG_WARN_OBJC_LITERAL_CONVERSION = YES;
				CLANG_WARN_OBJC_ROOT_CLASS = YES_ERROR;
				CLANG_WARN_QUOTED_INCLUDE_IN_FRAMEWORK_HEADER = YES;
				CLANG_WARN_RANGE_LOOP_ANALYSIS = YES;
				CLANG_WARN_STRICT_PROTOTYPES = YES;
				CLANG_WARN_SUSPICIOUS_MOVE = YES;
				CLANG_WARN_UNGUARDED_AVAILABILITY = YES_AGGRESSIVE;
				CLANG_WARN_UNREACHABLE_CODE = YES;
				CLANG_WARN__DUPLICATE_METHOD_MATCH = YES;
				COPY_PHASE_STRIP = NO;
				DEBUG_INFORMATION_FORMAT = "dwarf-with-dsym";
				ENABLE_NS_ASSERTIONS = NO;
				ENABLE_STRICT_OBJC_MSGSEND = YES;
				GCC_C_LANGUAGE_STANDARD = gnu11;
				GCC_NO_COMMON_BLOCKS = YES;
				GCC_WARN_64_TO_32_BIT_CONVERSION = YES;
				GCC_WARN_ABOUT_RETURN_TYPE = YES_ERROR;
				GCC_WARN_UNDECLARED_SELECTOR = YES;
				GCC_WARN_UNINITIALIZED_AUTOS = YES_AGGRESSIVE;
				GCC_WARN_UNUSED_FUNCTION = YES;
				GCC_WARN_UNUSED_VARIABLE = YES;
				IPHONEOS_DEPLOYMENT_TARGET = 16.0;
				MTL_ENABLE_DEBUG_INFO = NO;
				MTL_FAST_MATH = YES;
				SDKROOT = iphoneos;
				SWIFT_COMPILATION_MODE = wholemodule;
				SWIFT_OPTIMIZATION_LEVEL = "-O";
				VALIDATE_PRODUCT = YES;
			};
			name = Release;
		};
		C924515428E9028F00EC1EFD /* Debug */ = {
			isa = XCBuildConfiguration;
			buildSettings = {
				ASSETCATALOG_COMPILER_APPICON_NAME = AppIcon;
				ASSETCATALOG_COMPILER_GLOBAL_ACCENT_COLOR_NAME = AccentColor;
				CODE_SIGN_STYLE = Automatic;
				CURRENT_PROJECT_VERSION = 1;
				DEVELOPMENT_TEAM = VUH3GM8HPJ;
				GENERATE_INFOPLIST_FILE = YES;
				INFOPLIST_FILE = hw2_Calculator/Info.plist;
				INFOPLIST_KEY_UIApplicationSupportsIndirectInputEvents = YES;
				INFOPLIST_KEY_UILaunchStoryboardName = LaunchScreen;
				INFOPLIST_KEY_UIMainStoryboardFile = Main;
				INFOPLIST_KEY_UISupportedInterfaceOrientations_iPad = "UIInterfaceOrientationPortrait UIInterfaceOrientationPortraitUpsideDown UIInterfaceOrientationLandscapeLeft UIInterfaceOrientationLandscapeRight";
				INFOPLIST_KEY_UISupportedInterfaceOrientations_iPhone = "UIInterfaceOrientationPortrait UIInterfaceOrientationLandscapeLeft UIInterfaceOrientationLandscapeRight";
				LD_RUNPATH_SEARCH_PATHS = (
					"$(inherited)",
					"@executable_path/Frameworks",
				);
				MARKETING_VERSION = 1.0;
				PRODUCT_BUNDLE_IDENTIFIER = com.berksu.portfolio.hw2_Calculator;
				PRODUCT_NAME = "$(TARGET_NAME)";
				SWIFT_EMIT_LOC_STRINGS = YES;
				SWIFT_VERSION = 5.0;
				TARGETED_DEVICE_FAMILY = "1,2";
			};
			name = Debug;
		};
		C924515528E9028F00EC1EFD /* Release */ = {
			isa = XCBuildConfiguration;
			buildSettings = {
				ASSETCATALOG_COMPILER_APPICON_NAME = AppIcon;
				ASSETCATALOG_COMPILER_GLOBAL_ACCENT_COLOR_NAME = AccentColor;
				CODE_SIGN_STYLE = Automatic;
				CURRENT_PROJECT_VERSION = 1;
				DEVELOPMENT_TEAM = VUH3GM8HPJ;
				GENERATE_INFOPLIST_FILE = YES;
				INFOPLIST_FILE = hw2_Calculator/Info.plist;
				INFOPLIST_KEY_UIApplicationSupportsIndirectInputEvents = YES;
				INFOPLIST_KEY_UILaunchStoryboardName = LaunchScreen;
				INFOPLIST_KEY_UIMainStoryboardFile = Main;
				INFOPLIST_KEY_UISupportedInterfaceOrientations_iPad = "UIInterfaceOrientationPortrait UIInterfaceOrientationPortraitUpsideDown UIInterfaceOrientationLandscapeLeft UIInterfaceOrientationLandscapeRight";
				INFOPLIST_KEY_UISupportedInterfaceOrientations_iPhone = "UIInterfaceOrientationPortrait UIInterfaceOrientationLandscapeLeft UIInterfaceOrientationLandscapeRight";
				LD_RUNPATH_SEARCH_PATHS = (
					"$(inherited)",
					"@executable_path/Frameworks",
				);
				MARKETING_VERSION = 1.0;
				PRODUCT_BUNDLE_IDENTIFIER = com.berksu.portfolio.hw2_Calculator;
				PRODUCT_NAME = "$(TARGET_NAME)";
				SWIFT_EMIT_LOC_STRINGS = YES;
				SWIFT_VERSION = 5.0;
				TARGETED_DEVICE_FAMILY = "1,2";
			};
			name = Release;
		};
/* End XCBuildConfiguration section */

/* Begin XCConfigurationList section */
		C924513A28E9028F00EC1EFD /* Build configuration list for PBXProject "hw2_Calculator" */ = {
			isa = XCConfigurationList;
			buildConfigurations = (
				C924515128E9028F00EC1EFD /* Debug */,
				C924515228E9028F00EC1EFD /* Release */,
			);
			defaultConfigurationIsVisible = 0;
			defaultConfigurationName = Release;
		};
		C924515328E9028F00EC1EFD /* Build configuration list for PBXNativeTarget "hw2_Calculator" */ = {
			isa = XCConfigurationList;
			buildConfigurations = (
				C924515428E9028F00EC1EFD /* Debug */,
				C924515528E9028F00EC1EFD /* Release */,
			);
			defaultConfigurationIsVisible = 0;
			defaultConfigurationName = Release;
		};
/* End XCConfigurationList section */
	};
	rootObject = C924513728E9028F00EC1EFD /* Project object */;
}
